
Microsoft Visual Studio Solution File, Format Version 12.00
# Visual Studio Version 17
VisualStudioVersion = 17.6.33723.286
MinimumVisualStudioVersion = 10.0.40219.1
Project("{2150E333-8FDC-42A3-9474-1A3956D46DE8}") = "1 - Apresentação", "1 - Apresentação", "{38B7D27C-EB7A-4BDF-8CFA-D82978E0D2A7}"
EndProject
Project("{2150E333-8FDC-42A3-9474-1A3956D46DE8}") = "2 - Infraestrutura", "2 - Infraestrutura", "{BFE092BD-E421-4C27-ABDA-0151ABF53F0E}"
EndProject
Project("{2150E333-8FDC-42A3-9474-1A3956D46DE8}") = "3 - Domínio", "3 - Domínio", "{9815CE47-7FB1-47B5-B099-693FD9658B08}"
EndProject
Project("{9A19103F-16F7-4668-BE54-9A1E7A4F7556}") = "FestasInfantis.WinApp", "FestasInfantis.WinApp\FestasInfantis.WinApp.csproj", "{CE8EFD48-6A20-4377-B979-FC2080F6F3A9}"
EndProject
Project("{9A19103F-16F7-4668-BE54-9A1E7A4F7556}") = "FestasInfantis.Dominio", "FestasInfantis.Dominio\FestasInfantis.Dominio.csproj", "{036D0CEE-AEA1-4081-9E69-440A41858D63}"
EndProject
Project("{9A19103F-16F7-4668-BE54-9A1E7A4F7556}") = "FestasInfantis.Infra.Dados.Memoria", "FestasInfantis.Infra.Dados.Memoria\FestasInfantis.Infra.Dados.Memoria.csproj", "{3D99AFDF-60A1-440B-8498-25694A548CC8}"
EndProject
Project("{9A19103F-16F7-4668-BE54-9A1E7A4F7556}") = "FestasInfantis.Infra.Dados.Arquivo", "FestasInfantis.Infra.Dados.Arquivo\FestasInfantis.Infra.Dados.Arquivo.csproj", "{CA13F360-5C9F-4814-A3F4-5A1E56032EF0}"
EndProject
Project("{9A19103F-16F7-4668-BE54-9A1E7A4F7556}") = "FestasInfantis.ConsoleApp", "FestasInfantis.ConsoleApp\FestasInfantis.ConsoleApp.csproj", "{956FF9C4-DCD8-45CF-8AC8-84EEBC7C18E8}"
EndProject
Global
	GlobalSection(SolutionConfigurationPlatforms) = preSolution
		Debug|Any CPU = Debug|Any CPU
		Release|Any CPU = Release|Any CPU
	EndGlobalSection
	GlobalSection(ProjectConfigurationPlatforms) = postSolution
		{CE8EFD48-6A20-4377-B979-FC2080F6F3A9}.Debug|Any CPU.ActiveCfg = Debug|Any CPU
		{CE8EFD48-6A20-4377-B979-FC2080F6F3A9}.Debug|Any CPU.Build.0 = Debug|Any CPU
		{CE8EFD48-6A20-4377-B979-FC2080F6F3A9}.Release|Any CPU.ActiveCfg = Release|Any CPU
		{CE8EFD48-6A20-4377-B979-FC2080F6F3A9}.Release|Any CPU.Build.0 = Release|Any CPU
		{036D0CEE-AEA1-4081-9E69-440A41858D63}.Debug|Any CPU.ActiveCfg = Debug|Any CPU
		{036D0CEE-AEA1-4081-9E69-440A41858D63}.Debug|Any CPU.Build.0 = Debug|Any CPU
		{036D0CEE-AEA1-4081-9E69-440A41858D63}.Release|Any CPU.ActiveCfg = Release|Any CPU
		{036D0CEE-AEA1-4081-9E69-440A41858D63}.Release|Any CPU.Build.0 = Release|Any CPU
		{3D99AFDF-60A1-440B-8498-25694A548CC8}.Debug|Any CPU.ActiveCfg = Debug|Any CPU
		{3D99AFDF-60A1-440B-8498-25694A548CC8}.Debug|Any CPU.Build.0 = Debug|Any CPU
		{3D99AFDF-60A1-440B-8498-25694A548CC8}.Release|Any CPU.ActiveCfg = Release|Any CPU
		{3D99AFDF-60A1-440B-8498-25694A548CC8}.Release|Any CPU.Build.0 = Release|Any CPU
		{CA13F360-5C9F-4814-A3F4-5A1E56032EF0}.Debug|Any CPU.ActiveCfg = Debug|Any CPU
		{CA13F360-5C9F-4814-A3F4-5A1E56032EF0}.Debug|Any CPU.Build.0 = Debug|Any CPU
		{CA13F360-5C9F-4814-A3F4-5A1E56032EF0}.Release|Any CPU.ActiveCfg = Release|Any CPU
		{CA13F360-5C9F-4814-A3F4-5A1E56032EF0}.Release|Any CPU.Build.0 = Release|Any CPU
		{956FF9C4-DCD8-45CF-8AC8-84EEBC7C18E8}.Debug|Any CPU.ActiveCfg = Debug|Any CPU
		{956FF9C4-DCD8-45CF-8AC8-84EEBC7C18E8}.Debug|Any CPU.Build.0 = Debug|Any CPU
		{956FF9C4-DCD8-45CF-8AC8-84EEBC7C18E8}.Release|Any CPU.ActiveCfg = Release|Any CPU
		{956FF9C4-DCD8-45CF-8AC8-84EEBC7C18E8}.Release|Any CPU.Build.0 = Release|Any CPU
	EndGlobalSection
	GlobalSection(SolutionProperties) = preSolution
		HideSolutionNode = FALSE
	EndGlobalSection
	GlobalSection(NestedProjects) = preSolution
		{CE8EFD48-6A20-4377-B979-FC2080F6F3A9} = {38B7D27C-EB7A-4BDF-8CFA-D82978E0D2A7}
		{036D0CEE-AEA1-4081-9E69-440A41858D63} = {9815CE47-7FB1-47B5-B099-693FD9658B08}
		{3D99AFDF-60A1-440B-8498-25694A548CC8} = {BFE092BD-E421-4C27-ABDA-0151ABF53F0E}
		{CA13F360-5C9F-4814-A3F4-5A1E56032EF0} = {BFE092BD-E421-4C27-ABDA-0151ABF53F0E}
		{956FF9C4-DCD8-45CF-8AC8-84EEBC7C18E8} = {38B7D27C-EB7A-4BDF-8CFA-D82978E0D2A7}
	EndGlobalSection
	GlobalSection(ExtensibilityGlobals) = postSolution
		SolutionGuid = {46C50CA1-BBA7-42BA-A7C7-06A33BB2651C}
	EndGlobalSection
EndGlobal
